
Microsoft Visual Studio Solution File, Format Version 12.00
# Visual Studio 15
VisualStudioVersion = 15.0.28307.1525
MinimumVisualStudioVersion = 10.0.40219.1
Project("{9A19103F-16F7-4668-BE54-9A1E7A4F7556}") = "DataAccess", "DataAccess\DataAccess.csproj", "{9521238F-3568-4EBD-848B-FB9A6207353F}"
EndProject
Project("{FAE04EC0-301F-11D3-BF4B-00C04F79EFBC}") = "ServicioWEB", "ServicioWEB\ServicioWEB.csproj", "{5398FC83-BE16-49C6-851C-E606D2ED3AB2}"
EndProject
Global
	GlobalSection(SolutionConfigurationPlatforms) = preSolution
		Debug|Any CPU = Debug|Any CPU
		Release|Any CPU = Release|Any CPU
	EndGlobalSection
	GlobalSection(ProjectConfigurationPlatforms) = postSolution
		{9521238F-3568-4EBD-848B-FB9A6207353F}.Debug|Any CPU.ActiveCfg = Debug|Any CPU
		{9521238F-3568-4EBD-848B-FB9A6207353F}.Debug|Any CPU.Build.0 = Debug|Any CPU
		{9521238F-3568-4EBD-848B-FB9A6207353F}.Release|Any CPU.ActiveCfg = Release|Any CPU
		{9521238F-3568-4EBD-848B-FB9A6207353F}.Release|Any CPU.Build.0 = Release|Any CPU
		{5398FC83-BE16-49C6-851C-E606D2ED3AB2}.Debug|Any CPU.ActiveCfg = Debug|Any CPU
		{5398FC83-BE16-49C6-851C-E606D2ED3AB2}.Debug|Any CPU.Build.0 = Debug|Any CPU
		{5398FC83-BE16-49C6-851C-E606D2ED3AB2}.Release|Any CPU.ActiveCfg = Release|Any CPU
		{5398FC83-BE16-49C6-851C-E606D2ED3AB2}.Release|Any CPU.Build.0 = Release|Any CPU
	EndGlobalSection
	GlobalSection(SolutionProperties) = preSolution
		HideSolutionNode = FALSE
	EndGlobalSection
	GlobalSection(ExtensibilityGlobals) = postSolution
		SolutionGuid = {76BF7E08-C92B-4BC4-B334-0249909BA697}
	EndGlobalSection
EndGlobal
